
Microsoft Visual Studio Solution File, Format Version 12.00
# Visual Studio 15
VisualStudioVersion = 15.0.28307.960
MinimumVisualStudioVersion = 10.0.40219.1
Project("{FAE04EC0-301F-11D3-BF4B-00C04F79EFBC}") = "SaleswebMvc", "SaleswebMvc\SaleswebMvc.csproj", "{3AB1007D-DF6C-4CEB-A21C-7106636F8585}"
EndProject
Global
	GlobalSection(SolutionConfigurationPlatforms) = preSolution
		Debug|Any CPU = Debug|Any CPU
		Release|Any CPU = Release|Any CPU
	EndGlobalSection
	GlobalSection(ProjectConfigurationPlatforms) = postSolution
		{3AB1007D-DF6C-4CEB-A21C-7106636F8585}.Debug|Any CPU.ActiveCfg = Debug|Any CPU
		{3AB1007D-DF6C-4CEB-A21C-7106636F8585}.Debug|Any CPU.Build.0 = Debug|Any CPU
		{3AB1007D-DF6C-4CEB-A21C-7106636F8585}.Release|Any CPU.ActiveCfg = Release|Any CPU
		{3AB1007D-DF6C-4CEB-A21C-7106636F8585}.Release|Any CPU.Build.0 = Release|Any CPU
	EndGlobalSection
	GlobalSection(SolutionProperties) = preSolution
		HideSolutionNode = FALSE
	EndGlobalSection
	GlobalSection(ExtensibilityGlobals) = postSolution
		SolutionGuid = {0174941C-B46D-43B0-A36F-107DEB609425}
	EndGlobalSection
EndGlobal
